Microsoft Visual Studio Solution File, Format Version 12.00
# Visual Studio Version 17
VisualStudioVersion = 17.5.2.0
MinimumVisualStudioVersion = 10.0.40219.1
Project("{FAE04EC0-301F-11D3-BF4B-00C04F79EFBC}") = "azure_besokreg", "azure_besokreg.csproj", "{859A9AB8-C577-766A-0A53-CAAC12651325}"
EndProject
Global
	GlobalSection(SolutionConfigurationPlatforms) = preSolution
		Debug|Any CPU = Debug|Any CPU
		Release|Any CPU = Release|Any CPU
	EndGlobalSection
	GlobalSection(ProjectConfigurationPlatforms) = postSolution
		{859A9AB8-C577-766A-0A53-CAAC12651325}.Debug|Any CPU.ActiveCfg = Debug|Any CPU
		{859A9AB8-C577-766A-0A53-CAAC12651325}.Debug|Any CPU.Build.0 = Debug|Any CPU
		{859A9AB8-C577-766A-0A53-CAAC12651325}.Release|Any CPU.ActiveCfg = Release|Any CPU
		{859A9AB8-C577-766A-0A53-CAAC12651325}.Release|Any CPU.Build.0 = Release|Any CPU
	EndGlobalSection
	GlobalSection(SolutionProperties) = preSolution
		HideSolutionNode = FALSE
	EndGlobalSection
	GlobalSection(ExtensibilityGlobals) = postSolution
		SolutionGuid = {C6B2325F-1CFF-47C7-854D-11162DDC0B15}
	EndGlobalSection
EndGlobal
